
Microsoft Visual Studio Solution File, Format Version 12.00
# Visual Studio Version 16
VisualStudioVersion = 16.0.30517.126
MinimumVisualStudioVersion = 10.0.40219.1
Project("{FAE04EC0-301F-11D3-BF4B-00C04F79EFBC}") = "FlowerStore", "FlowerStore\FlowerStore.csproj", "{FC81E7A2-9546-4AA2-8F15-0AC7DF5A9AEF}"
EndProject
Project("{FAE04EC0-301F-11D3-BF4B-00C04F79EFBC}") = "FlowerStore.Model", "FlowerStore.Model\FlowerStore.Model.csproj", "{64B31F12-20ED-43EF-A8B3-E0ABC010246E}"
EndProject
Global
	GlobalSection(SolutionConfigurationPlatforms) = preSolution
		Debug|Any CPU = Debug|Any CPU
		Release|Any CPU = Release|Any CPU
	EndGlobalSection
	GlobalSection(ProjectConfigurationPlatforms) = postSolution
		{FC81E7A2-9546-4AA2-8F15-0AC7DF5A9AEF}.Debug|Any CPU.ActiveCfg = Debug|Any CPU
		{FC81E7A2-9546-4AA2-8F15-0AC7DF5A9AEF}.Debug|Any CPU.Build.0 = Debug|Any CPU
		{FC81E7A2-9546-4AA2-8F15-0AC7DF5A9AEF}.Release|Any CPU.ActiveCfg = Release|Any CPU
		{FC81E7A2-9546-4AA2-8F15-0AC7DF5A9AEF}.Release|Any CPU.Build.0 = Release|Any CPU
		{64B31F12-20ED-43EF-A8B3-E0ABC010246E}.Debug|Any CPU.ActiveCfg = Debug|Any CPU
		{64B31F12-20ED-43EF-A8B3-E0ABC010246E}.Debug|Any CPU.Build.0 = Debug|Any CPU
		{64B31F12-20ED-43EF-A8B3-E0ABC010246E}.Release|Any CPU.ActiveCfg = Release|Any CPU
		{64B31F12-20ED-43EF-A8B3-E0ABC010246E}.Release|Any CPU.Build.0 = Release|Any CPU
	EndGlobalSection
	GlobalSection(SolutionProperties) = preSolution
		HideSolutionNode = FALSE
	EndGlobalSection
	GlobalSection(ExtensibilityGlobals) = postSolution
		SolutionGuid = {64AB5FC8-F344-44CE-A845-D9C57E2189E9}
	EndGlobalSection
EndGlobal
